
Microsoft Visual Studio Solution File, Format Version 12.00
# Visual Studio Version 17
VisualStudioVersion = 17.9.34622.214
MinimumVisualStudioVersion = 10.0.40219.1
Project("{2150E333-8FDC-42A3-9474-1A3956D46DE8}") = "Core", "Core", "{46285FFC-5FC9-4581-ACBF-4A993A44B5B7}"
EndProject
Project("{9A19103F-16F7-4668-BE54-9A1E7A4F7556}") = "Chamber.Collections", "Core\Chamber.Collections\Chamber.Collections.csproj", "{DFA0D4A5-3BB7-4951-826A-DECF7C408A2A}"
EndProject
Project("{9A19103F-16F7-4668-BE54-9A1E7A4F7556}") = "Chamber.Core", "Core\Chamber.Core\Chamber.Core.csproj", "{D635DAD9-5039-482C-B275-0BE9192987C2}"
EndProject
Project("{9A19103F-16F7-4668-BE54-9A1E7A4F7556}") = "Chamber.Serialization", "Core\Chamber.Serialization\Chamber.Serialization.csproj", "{59C4D27B-C181-4DDD-BD83-679CE5BECFE3}"
EndProject
Global
	GlobalSection(SolutionConfigurationPlatforms) = preSolution
		Debug|Any CPU = Debug|Any CPU
		Release|Any CPU = Release|Any CPU
	EndGlobalSection
	GlobalSection(ProjectConfigurationPlatforms) = postSolution
		{DFA0D4A5-3BB7-4951-826A-DECF7C408A2A}.Debug|Any CPU.ActiveCfg = Debug|Any CPU
		{DFA0D4A5-3BB7-4951-826A-DECF7C408A2A}.Debug|Any CPU.Build.0 = Debug|Any CPU
		{DFA0D4A5-3BB7-4951-826A-DECF7C408A2A}.Release|Any CPU.ActiveCfg = Release|Any CPU
		{DFA0D4A5-3BB7-4951-826A-DECF7C408A2A}.Release|Any CPU.Build.0 = Release|Any CPU
		{D635DAD9-5039-482C-B275-0BE9192987C2}.Debug|Any CPU.ActiveCfg = Debug|Any CPU
		{D635DAD9-5039-482C-B275-0BE9192987C2}.Debug|Any CPU.Build.0 = Debug|Any CPU
		{D635DAD9-5039-482C-B275-0BE9192987C2}.Release|Any CPU.ActiveCfg = Release|Any CPU
		{D635DAD9-5039-482C-B275-0BE9192987C2}.Release|Any CPU.Build.0 = Release|Any CPU
		{59C4D27B-C181-4DDD-BD83-679CE5BECFE3}.Debug|Any CPU.ActiveCfg = Debug|Any CPU
		{59C4D27B-C181-4DDD-BD83-679CE5BECFE3}.Debug|Any CPU.Build.0 = Debug|Any CPU
		{59C4D27B-C181-4DDD-BD83-679CE5BECFE3}.Release|Any CPU.ActiveCfg = Release|Any CPU
		{59C4D27B-C181-4DDD-BD83-679CE5BECFE3}.Release|Any CPU.Build.0 = Release|Any CPU
	EndGlobalSection
	GlobalSection(SolutionProperties) = preSolution
		HideSolutionNode = FALSE
	EndGlobalSection
	GlobalSection(NestedProjects) = preSolution
		{DFA0D4A5-3BB7-4951-826A-DECF7C408A2A} = {46285FFC-5FC9-4581-ACBF-4A993A44B5B7}
		{D635DAD9-5039-482C-B275-0BE9192987C2} = {46285FFC-5FC9-4581-ACBF-4A993A44B5B7}
		{59C4D27B-C181-4DDD-BD83-679CE5BECFE3} = {46285FFC-5FC9-4581-ACBF-4A993A44B5B7}
	EndGlobalSection
	GlobalSection(ExtensibilityGlobals) = postSolution
		SolutionGuid = {6B1908E8-6401-490A-92E9-81419C31C3AC}
	EndGlobalSection
EndGlobal
