
Microsoft Visual Studio Solution File, Format Version 12.00
# Visual Studio Version 17
VisualStudioVersion = 17.9.34622.214
MinimumVisualStudioVersion = 10.0.40219.1
Project("{2150E333-8FDC-42A3-9474-1A3956D46DE8}") = "Core", "Core", "{46285FFC-5FC9-4581-ACBF-4A993A44B5B7}"
EndProject
Project("{9A19103F-16F7-4668-BE54-9A1E7A4F7556}") = "Chamber.Collections", "Core\Chamber.Collections\Chamber.Collections.csproj", "{DFA0D4A5-3BB7-4951-826A-DECF7C408A2A}"
EndProject
Project("{9A19103F-16F7-4668-BE54-9A1E7A4F7556}") = "Chamber.Core", "Core\Chamber.Core\Chamber.Core.csproj", "{D635DAD9-5039-482C-B275-0BE9192987C2}"
EndProject
Project("{9A19103F-16F7-4668-BE54-9A1E7A4F7556}") = "Chamber.Serialization", "Core\Chamber.Serialization\Chamber.Serialization.csproj", "{59C4D27B-C181-4DDD-BD83-679CE5BECFE3}"
EndProject
Project("{2150E333-8FDC-42A3-9474-1A3956D46DE8}") = "Telegram", "Telegram", "{9701D864-EE9E-4696-8484-9B08092FEDE5}"
EndProject
Project("{9A19103F-16F7-4668-BE54-9A1E7A4F7556}") = "Chamber.Recievers", "Telegram\Chamber.Recievers\Chamber.Recievers.csproj", "{8C9076CC-770B-494A-901A-ACBE91384576}"
EndProject
Project("{9A19103F-16F7-4668-BE54-9A1E7A4F7556}") = "Chamber.Console", "Telegram\Chamber.Console\Chamber.Console.csproj", "{A086DE62-2D26-4442-9F19-2F14CE5D2D8C}"
EndProject
Project("{9A19103F-16F7-4668-BE54-9A1E7A4F7556}") = "Chamber.Dialogs", "Telegram\Chamber.Dialogs\Chamber.Dialogs.csproj", "{10A443E0-5C6A-4906-8C2D-900CCD0ED9A3}"
EndProject
Project("{9A19103F-16F7-4668-BE54-9A1E7A4F7556}") = "Chamble.CallBack.Types", "Telegram\Chamble.CallBack.Types\Chamble.CallBack.Types.csproj", "{9E4BCA99-4BBF-42D2-B101-F5B6FC6D821C}"
EndProject
Project("{2150E333-8FDC-42A3-9474-1A3956D46DE8}") = "Log", "Log", "{433719A0-2462-4EA8-B584-1168C8AC4152}"
EndProject
Project("{FAE04EC0-301F-11D3-BF4B-00C04F79EFBC}") = "Chamber.Log", "Log\Chamber.Log\Chamber.Log.csproj", "{004557F5-AE2F-46E4-A1C2-8A738AFA5B01}"
EndProject
Global
	GlobalSection(SolutionConfigurationPlatforms) = preSolution
		Debug|Any CPU = Debug|Any CPU
		Release|Any CPU = Release|Any CPU
	EndGlobalSection
	GlobalSection(ProjectConfigurationPlatforms) = postSolution
		{DFA0D4A5-3BB7-4951-826A-DECF7C408A2A}.Debug|Any CPU.ActiveCfg = Debug|Any CPU
		{DFA0D4A5-3BB7-4951-826A-DECF7C408A2A}.Debug|Any CPU.Build.0 = Debug|Any CPU
		{DFA0D4A5-3BB7-4951-826A-DECF7C408A2A}.Release|Any CPU.ActiveCfg = Release|Any CPU
		{DFA0D4A5-3BB7-4951-826A-DECF7C408A2A}.Release|Any CPU.Build.0 = Release|Any CPU
		{D635DAD9-5039-482C-B275-0BE9192987C2}.Debug|Any CPU.ActiveCfg = Debug|Any CPU
		{D635DAD9-5039-482C-B275-0BE9192987C2}.Debug|Any CPU.Build.0 = Debug|Any CPU
		{D635DAD9-5039-482C-B275-0BE9192987C2}.Release|Any CPU.ActiveCfg = Release|Any CPU
		{D635DAD9-5039-482C-B275-0BE9192987C2}.Release|Any CPU.Build.0 = Release|Any CPU
		{59C4D27B-C181-4DDD-BD83-679CE5BECFE3}.Debug|Any CPU.ActiveCfg = Debug|Any CPU
		{59C4D27B-C181-4DDD-BD83-679CE5BECFE3}.Debug|Any CPU.Build.0 = Debug|Any CPU
		{59C4D27B-C181-4DDD-BD83-679CE5BECFE3}.Release|Any CPU.ActiveCfg = Release|Any CPU
		{59C4D27B-C181-4DDD-BD83-679CE5BECFE3}.Release|Any CPU.Build.0 = Release|Any CPU
		{8C9076CC-770B-494A-901A-ACBE91384576}.Debug|Any CPU.ActiveCfg = Debug|Any CPU
		{8C9076CC-770B-494A-901A-ACBE91384576}.Debug|Any CPU.Build.0 = Debug|Any CPU
		{8C9076CC-770B-494A-901A-ACBE91384576}.Release|Any CPU.ActiveCfg = Release|Any CPU
		{8C9076CC-770B-494A-901A-ACBE91384576}.Release|Any CPU.Build.0 = Release|Any CPU
		{A086DE62-2D26-4442-9F19-2F14CE5D2D8C}.Debug|Any CPU.ActiveCfg = Debug|Any CPU
		{A086DE62-2D26-4442-9F19-2F14CE5D2D8C}.Debug|Any CPU.Build.0 = Debug|Any CPU
		{A086DE62-2D26-4442-9F19-2F14CE5D2D8C}.Release|Any CPU.ActiveCfg = Release|Any CPU
		{A086DE62-2D26-4442-9F19-2F14CE5D2D8C}.Release|Any CPU.Build.0 = Release|Any CPU
		{10A443E0-5C6A-4906-8C2D-900CCD0ED9A3}.Debug|Any CPU.ActiveCfg = Debug|Any CPU
		{10A443E0-5C6A-4906-8C2D-900CCD0ED9A3}.Debug|Any CPU.Build.0 = Debug|Any CPU
		{10A443E0-5C6A-4906-8C2D-900CCD0ED9A3}.Release|Any CPU.ActiveCfg = Release|Any CPU
		{10A443E0-5C6A-4906-8C2D-900CCD0ED9A3}.Release|Any CPU.Build.0 = Release|Any CPU
		{9E4BCA99-4BBF-42D2-B101-F5B6FC6D821C}.Debug|Any CPU.ActiveCfg = Debug|Any CPU
		{9E4BCA99-4BBF-42D2-B101-F5B6FC6D821C}.Debug|Any CPU.Build.0 = Debug|Any CPU
		{9E4BCA99-4BBF-42D2-B101-F5B6FC6D821C}.Release|Any CPU.ActiveCfg = Release|Any CPU
		{9E4BCA99-4BBF-42D2-B101-F5B6FC6D821C}.Release|Any CPU.Build.0 = Release|Any CPU
		{004557F5-AE2F-46E4-A1C2-8A738AFA5B01}.Debug|Any CPU.ActiveCfg = Debug|Any CPU
		{004557F5-AE2F-46E4-A1C2-8A738AFA5B01}.Debug|Any CPU.Build.0 = Debug|Any CPU
		{004557F5-AE2F-46E4-A1C2-8A738AFA5B01}.Release|Any CPU.ActiveCfg = Release|Any CPU
		{004557F5-AE2F-46E4-A1C2-8A738AFA5B01}.Release|Any CPU.Build.0 = Release|Any CPU
	EndGlobalSection
	GlobalSection(SolutionProperties) = preSolution
		HideSolutionNode = FALSE
	EndGlobalSection
	GlobalSection(NestedProjects) = preSolution
		{DFA0D4A5-3BB7-4951-826A-DECF7C408A2A} = {46285FFC-5FC9-4581-ACBF-4A993A44B5B7}
		{D635DAD9-5039-482C-B275-0BE9192987C2} = {46285FFC-5FC9-4581-ACBF-4A993A44B5B7}
		{59C4D27B-C181-4DDD-BD83-679CE5BECFE3} = {46285FFC-5FC9-4581-ACBF-4A993A44B5B7}
		{8C9076CC-770B-494A-901A-ACBE91384576} = {9701D864-EE9E-4696-8484-9B08092FEDE5}
		{A086DE62-2D26-4442-9F19-2F14CE5D2D8C} = {9701D864-EE9E-4696-8484-9B08092FEDE5}
		{10A443E0-5C6A-4906-8C2D-900CCD0ED9A3} = {9701D864-EE9E-4696-8484-9B08092FEDE5}
		{9E4BCA99-4BBF-42D2-B101-F5B6FC6D821C} = {9701D864-EE9E-4696-8484-9B08092FEDE5}
		{004557F5-AE2F-46E4-A1C2-8A738AFA5B01} = {433719A0-2462-4EA8-B584-1168C8AC4152}
	EndGlobalSection
	GlobalSection(ExtensibilityGlobals) = postSolution
		SolutionGuid = {6B1908E8-6401-490A-92E9-81419C31C3AC}
	EndGlobalSection
EndGlobal
